
Microsoft Visual Studio Solution File, Format Version 12.00
# Visual Studio Version 17
VisualStudioVersion = 17.6.33723.286
MinimumVisualStudioVersion = 10.0.40219.1
Project("{FAE04EC0-301F-11D3-BF4B-00C04F79EFBC}") = "ABSARecon", "ABSARecon.csproj", "{BFAA6BA4-F936-4D36-8A8A-8BEC31E5E221}"
EndProject
Global
	GlobalSection(SolutionConfigurationPlatforms) = preSolution
		Debug|Any CPU = Debug|Any CPU
		Release|Any CPU = Release|Any CPU
	EndGlobalSection
	GlobalSection(ProjectConfigurationPlatforms) = postSolution
		{BFAA6BA4-F936-4D36-8A8A-8BEC31E5E221}.Debug|Any CPU.ActiveCfg = Debug|Any CPU
		{BFAA6BA4-F936-4D36-8A8A-8BEC31E5E221}.Debug|Any CPU.Build.0 = Debug|Any CPU
		{BFAA6BA4-F936-4D36-8A8A-8BEC31E5E221}.Release|Any CPU.ActiveCfg = Release|Any CPU
		{BFAA6BA4-F936-4D36-8A8A-8BEC31E5E221}.Release|Any CPU.Build.0 = Release|Any CPU
	EndGlobalSection
	GlobalSection(SolutionProperties) = preSolution
		HideSolutionNode = FALSE
	EndGlobalSection
	GlobalSection(ExtensibilityGlobals) = postSolution
		SolutionGuid = {99AF6AED-9279-4D59-AAD4-473FC39E23E6}
	EndGlobalSection
EndGlobal
